{
  "name": "dating-app",
  "lockfileVersion": 3,
  "requires": true,
  "packages": {
    "": {
      "dependencies": {
        "hammerjs": "^2.0.8",
        "ngx-gallery": "^5.10.0"
      }
    },
    "node_modules/hammerjs": {
      "version": "2.0.8",
      "resolved": "https://registry.npmjs.org/hammerjs/-/hammerjs-2.0.8.tgz",
      "integrity": "sha512-tSQXBXS/MWQOn/RKckawJ61vvsDpCom87JgxiYdGwHdOa0ht0vzUWDlfioofFCRU0L+6NGDt6XzbgoJvZkMeRQ==",
      "engines": {
        "node": ">=0.8.0"
      }
    },
    "node_modules/ngx-gallery": {
      "version": "5.10.0",
      "resolved": "https://registry.npmjs.org/ngx-gallery/-/ngx-gallery-5.10.0.tgz",
      "integrity": "sha512-+2DnsBfkIzNQoReOHf6+OMf06+qyQQMyVVN4iQAtL0+KykjVqDZiBwLQtmwajDWMGph6O1HNKLrqTcmgqw+d2A=="
    }
  }
}
